// !$*UTF8*$!
{
	archiveVersion = 1;
	classes = {
	};
	objectVersion = 46;
	objects = {

/* Begin PBXBuildFile section */
		C55177711DF97EBF000C6CE5 /* followersVC.swift in Sources */ = {isa = PBXBuildFile; fileRef = C55177701DF97EBF000C6CE5 /* followersVC.swift */; };
		C55177731DF97EFD000C6CE5 /* followersCell.swift in Sources */ = {isa = PBXBuildFile; fileRef = C55177721DF97EFD000C6CE5 /* followersCell.swift */; };
		C56418BF1DE996F900547074 /* AppDelegate.swift in Sources */ = {isa = PBXBuildFile; fileRef = C56418BE1DE996F900547074 /* AppDelegate.swift */; };
		C56418C41DE996F900547074 /* Main.storyboard in Resources */ = {isa = PBXBuildFile; fileRef = C56418C21DE996F900547074 /* Main.storyboard */; };
		C56418C61DE996F900547074 /* Assets.xcassets in Resources */ = {isa = PBXBuildFile; fileRef = C56418C51DE996F900547074 /* Assets.xcassets */; };
		C56418C91DE996F900547074 /* LaunchScreen.storyboard in Resources */ = {isa = PBXBuildFile; fileRef = C56418C71DE996F900547074 /* LaunchScreen.storyboard */; };
		C56418D11DE9975B00547074 /* libsqlite3.tbd in Frameworks */ = {isa = PBXBuildFile; fileRef = C56418D01DE9975B00547074 /* libsqlite3.tbd */; };
		C56418D31DE9977800547074 /* libz.tbd in Frameworks */ = {isa = PBXBuildFile; fileRef = C56418D21DE9977800547074 /* libz.tbd */; };
		C56418D51DE997A900547074 /* AudioToolbox.framework in Frameworks */ = {isa = PBXBuildFile; fileRef = C56418D41DE997A900547074 /* AudioToolbox.framework */; };
		C56418D71DE997C400547074 /* CFNetwork.framework in Frameworks */ = {isa = PBXBuildFile; fileRef = C56418D61DE997C400547074 /* CFNetwork.framework */; };
		C56418D91DE997D700547074 /* CoreGraphics.framework in Frameworks */ = {isa = PBXBuildFile; fileRef = C56418D81DE997D700547074 /* CoreGraphics.framework */; };
		C56418DB1DE9980700547074 /* CoreLocation.framework in Frameworks */ = {isa = PBXBuildFile; fileRef = C56418DA1DE9980700547074 /* CoreLocation.framework */; };
		C56418DD1DE99CF800547074 /* QuartzCore.framework in Frameworks */ = {isa = PBXBuildFile; fileRef = C56418DC1DE99CF800547074 /* QuartzCore.framework */; };
		C56418DF1DE99D2A00547074 /* Security.framework in Frameworks */ = {isa = PBXBuildFile; fileRef = C56418DE1DE99D2A00547074 /* Security.framework */; };
		C56418E11DE99D5300547074 /* StoreKit.framework in Frameworks */ = {isa = PBXBuildFile; fileRef = C56418E01DE99D5300547074 /* StoreKit.framework */; };
		C56418E31DE99D8D00547074 /* SystemConfiguration.framework in Frameworks */ = {isa = PBXBuildFile; fileRef = C56418E21DE99D8D00547074 /* SystemConfiguration.framework */; };
		C56418E61DE99E4B00547074 /* Bolts.framework in Frameworks */ = {isa = PBXBuildFile; fileRef = C56418E41DE99E4B00547074 /* Bolts.framework */; };
		C56418E71DE99E4B00547074 /* Parse.framework in Frameworks */ = {isa = PBXBuildFile; fileRef = C56418E51DE99E4B00547074 /* Parse.framework */; };
		C56418ED1DE9AF2B00547074 /* signUpVC.swift in Sources */ = {isa = PBXBuildFile; fileRef = C56418EC1DE9AF2B00547074 /* signUpVC.swift */; };
		C56418EF1DE9AF4400547074 /* signInVC.swift in Sources */ = {isa = PBXBuildFile; fileRef = C56418EE1DE9AF4400547074 /* signInVC.swift */; };
		C56418F11DE9AF7400547074 /* resetPasswordVC.swift in Sources */ = {isa = PBXBuildFile; fileRef = C56418F01DE9AF7400547074 /* resetPasswordVC.swift */; };
		C56418F41DEA4F4200547074 /* default_avatar@2x.png in Resources */ = {isa = PBXBuildFile; fileRef = C56418F31DEA4F4200547074 /* default_avatar@2x.png */; };
		C56418F71DEAF98A00547074 /* HVD Fonts - BrandonText-Bold.otf in Resources */ = {isa = PBXBuildFile; fileRef = C56418F61DEAF98A00547074 /* HVD Fonts - BrandonText-Bold.otf */; };
		C56418FA1DEAF9A800547074 /* HVD Fonts - BrandonText-Light.otf in Resources */ = {isa = PBXBuildFile; fileRef = C56418F91DEAF9A800547074 /* HVD Fonts - BrandonText-Light.otf */; };
		C56418FC1DEAF9CA00547074 /* HVD Fonts - BrandonText-Regular.otf in Resources */ = {isa = PBXBuildFile; fileRef = C56418FB1DEAF9CA00547074 /* HVD Fonts - BrandonText-Regular.otf */; };
		C56418FE1DEAFCFE00547074 /* bg@2x.png in Resources */ = {isa = PBXBuildFile; fileRef = C56418FD1DEAFCFE00547074 /* bg@2x.png */; };
		C56419001DEB085A00547074 /* homeVC.swift in Sources */ = {isa = PBXBuildFile; fileRef = C56418FF1DEB085A00547074 /* homeVC.swift */; };
		C56419081DEB0AE900547074 /* headerView.swift in Sources */ = {isa = PBXBuildFile; fileRef = C56419071DEB0AE900547074 /* headerView.swift */; };
		C564190A1DEB0F4800547074 /* pictureCell.swift in Sources */ = {isa = PBXBuildFile; fileRef = C56419091DEB0F4800547074 /* pictureCell.swift */; };
		C58E0E171DFC86C90023A2AB /* guestVC.swift in Sources */ = {isa = PBXBuildFile; fileRef = C58E0E161DFC86C90023A2AB /* guestVC.swift */; };
/* End PBXBuildFile section */

/* Begin PBXFileReference section */
		C55177701DF97EBF000C6CE5 /* followersVC.swift */ = {isa = PBXFileReference; fileEncoding = 4; lastKnownFileType = sourcecode.swift; path = followersVC.swift; sourceTree = "<group>"; };
		C55177721DF97EFD000C6CE5 /* followersCell.swift */ = {isa = PBXFileReference; fileEncoding = 4; lastKnownFileType = sourcecode.swift; path = followersCell.swift; sourceTree = "<group>"; };
		C56418BB1DE996F900547074 /* klipzApp.app */ = {isa = PBXFileReference; explicitFileType = wrapper.application; includeInIndex = 0; path = klipzApp.app; sourceTree = BUILT_PRODUCTS_DIR; };
		C56418BE1DE996F900547074 /* AppDelegate.swift */ = {isa = PBXFileReference; lastKnownFileType = sourcecode.swift; path = AppDelegate.swift; sourceTree = "<group>"; };
		C56418C31DE996F900547074 /* Base */ = {isa = PBXFileReference; lastKnownFileType = file.storyboard; name = Base; path = Base.lproj/Main.storyboard; sourceTree = "<group>"; };
		C56418C51DE996F900547074 /* Assets.xcassets */ = {isa = PBXFileReference; lastKnownFileType = folder.assetcatalog; path = Assets.xcassets; sourceTree = "<group>"; };
		C56418C81DE996F900547074 /* Base */ = {isa = PBXFileReference; lastKnownFileType = file.storyboard; name = Base; path = Base.lproj/LaunchScreen.storyboard; sourceTree = "<group>"; };
		C56418CA1DE996F900547074 /* Info.plist */ = {isa = PBXFileReference; lastKnownFileType = text.plist.xml; path = Info.plist; sourceTree = "<group>"; };
		C56418D01DE9975B00547074 /* libsqlite3.tbd */ = {isa = PBXFileReference; lastKnownFileType = "sourcecode.text-based-dylib-definition"; name = libsqlite3.tbd; path = usr/lib/libsqlite3.tbd; sourceTree = SDKROOT; };
		C56418D21DE9977800547074 /* libz.tbd */ = {isa = PBXFileReference; lastKnownFileType = "sourcecode.text-based-dylib-definition"; name = libz.tbd; path = usr/lib/libz.tbd; sourceTree = SDKROOT; };
		C56418D41DE997A900547074 /* AudioToolbox.framework */ = {isa = PBXFileReference; lastKnownFileType = wrapper.framework; name = AudioToolbox.framework; path = System/Library/Frameworks/AudioToolbox.framework; sourceTree = SDKROOT; };
		C56418D61DE997C400547074 /* CFNetwork.framework */ = {isa = PBXFileReference; lastKnownFileType = wrapper.framework; name = CFNetwork.framework; path = System/Library/Frameworks/CFNetwork.framework; sourceTree = SDKROOT; };
		C56418D81DE997D700547074 /* CoreGraphics.framework */ = {isa = PBXFileReference; lastKnownFileType = wrapper.framework; name = CoreGraphics.framework; path = System/Library/Frameworks/CoreGraphics.framework; sourceTree = SDKROOT; };
		C56418DA1DE9980700547074 /* CoreLocation.framework */ = {isa = PBXFileReference; lastKnownFileType = wrapper.framework; name = CoreLocation.framework; path = System/Library/Frameworks/CoreLocation.framework; sourceTree = SDKROOT; };
		C56418DC1DE99CF800547074 /* QuartzCore.framework */ = {isa = PBXFileReference; lastKnownFileType = wrapper.framework; name = QuartzCore.framework; path = System/Library/Frameworks/QuartzCore.framework; sourceTree = SDKROOT; };
		C56418DE1DE99D2A00547074 /* Security.framework */ = {isa = PBXFileReference; lastKnownFileType = wrapper.framework; name = Security.framework; path = System/Library/Frameworks/Security.framework; sourceTree = SDKROOT; };
		C56418E01DE99D5300547074 /* StoreKit.framework */ = {isa = PBXFileReference; lastKnownFileType = wrapper.framework; name = StoreKit.framework; path = System/Library/Frameworks/StoreKit.framework; sourceTree = SDKROOT; };
		C56418E21DE99D8D00547074 /* SystemConfiguration.framework */ = {isa = PBXFileReference; lastKnownFileType = wrapper.framework; name = SystemConfiguration.framework; path = System/Library/Frameworks/SystemConfiguration.framework; sourceTree = SDKROOT; };
		C56418E41DE99E4B00547074 /* Bolts.framework */ = {isa = PBXFileReference; lastKnownFileType = wrapper.framework; path = Bolts.framework; sourceTree = "<group>"; };
		C56418E51DE99E4B00547074 /* Parse.framework */ = {isa = PBXFileReference; lastKnownFileType = wrapper.framework; path = Parse.framework; sourceTree = "<group>"; };
		C56418EC1DE9AF2B00547074 /* signUpVC.swift */ = {isa = PBXFileReference; fileEncoding = 4; lastKnownFileType = sourcecode.swift; path = signUpVC.swift; sourceTree = "<group>"; };
		C56418EE1DE9AF4400547074 /* signInVC.swift */ = {isa = PBXFileReference; fileEncoding = 4; lastKnownFileType = sourcecode.swift; path = signInVC.swift; sourceTree = "<group>"; };
		C56418F01DE9AF7400547074 /* resetPasswordVC.swift */ = {isa = PBXFileReference; fileEncoding = 4; lastKnownFileType = sourcecode.swift; path = resetPasswordVC.swift; sourceTree = "<group>"; };
		C56418F31DEA4F4200547074 /* default_avatar@2x.png */ = {isa = PBXFileReference; lastKnownFileType = image.png; name = "default_avatar@2x.png"; path = "Assets.xcassets/images/default_avatar@2x.png"; sourceTree = "<group>"; };
		C56418F61DEAF98A00547074 /* HVD Fonts - BrandonText-Bold.otf */ = {isa = PBXFileReference; lastKnownFileType = file; name = "HVD Fonts - BrandonText-Bold.otf"; path = "Assets.xcassets/fonts/HVD Fonts - BrandonText-Bold.otf"; sourceTree = "<group>"; };
		C56418F91DEAF9A800547074 /* HVD Fonts - BrandonText-Light.otf */ = {isa = PBXFileReference; lastKnownFileType = file; name = "HVD Fonts - BrandonText-Light.otf"; path = "Assets.xcassets/fonts/HVD Fonts - BrandonText-Light.otf"; sourceTree = "<group>"; };
		C56418FB1DEAF9CA00547074 /* HVD Fonts - BrandonText-Regular.otf */ = {isa = PBXFileReference; lastKnownFileType = file; name = "HVD Fonts - BrandonText-Regular.otf"; path = "Assets.xcassets/fonts/HVD Fonts - BrandonText-Regular.otf"; sourceTree = "<group>"; };
		C56418FD1DEAFCFE00547074 /* bg@2x.png */ = {isa = PBXFileReference; lastKnownFileType = image.png; name = "bg@2x.png"; path = "Assets.xcassets/images/bg@2x.png"; sourceTree = "<group>"; };
		C56418FF1DEB085A00547074 /* homeVC.swift */ = {isa = PBXFileReference; fileEncoding = 4; lastKnownFileType = sourcecode.swift; path = homeVC.swift; sourceTree = "<group>"; };
		C56419071DEB0AE900547074 /* headerView.swift */ = {isa = PBXFileReference; fileEncoding = 4; lastKnownFileType = sourcecode.swift; path = headerView.swift; sourceTree = "<group>"; };
		C56419091DEB0F4800547074 /* pictureCell.swift */ = {isa = PBXFileReference; fileEncoding = 4; lastKnownFileType = sourcecode.swift; path = pictureCell.swift; sourceTree = "<group>"; };
		C58E0E161DFC86C90023A2AB /* guestVC.swift */ = {isa = PBXFileReference; fileEncoding = 4; lastKnownFileType = sourcecode.swift; path = guestVC.swift; sourceTree = "<group>"; };
/* End PBXFileReference section */

/* Begin PBXFrameworksBuildPhase section */
		C56418B81DE996F900547074 /* Frameworks */ = {
			isa = PBXFrameworksBuildPhase;
			buildActionMask = 2147483647;
			files = (
				C56418E31DE99D8D00547074 /* SystemConfiguration.framework in Frameworks */,
				C56418E11DE99D5300547074 /* StoreKit.framework in Frameworks */,
				C56418DF1DE99D2A00547074 /* Security.framework in Frameworks */,
				C56418DD1DE99CF800547074 /* QuartzCore.framework in Frameworks */,
				C56418DB1DE9980700547074 /* CoreLocation.framework in Frameworks */,
				C56418D91DE997D700547074 /* CoreGraphics.framework in Frameworks */,
				C56418D71DE997C400547074 /* CFNetwork.framework in Frameworks */,
				C56418D51DE997A900547074 /* AudioToolbox.framework in Frameworks */,
				C56418E61DE99E4B00547074 /* Bolts.framework in Frameworks */,
				C56418D31DE9977800547074 /* libz.tbd in Frameworks */,
				C56418E71DE99E4B00547074 /* Parse.framework in Frameworks */,
				C56418D11DE9975B00547074 /* libsqlite3.tbd in Frameworks */,
			);
			runOnlyForDeploymentPostprocessing = 0;
		};
/* End PBXFrameworksBuildPhase section */

/* Begin PBXGroup section */
		C56418B21DE996F900547074 = {
			isa = PBXGroup;
			children = (
				C56418D21DE9977800547074 /* libz.tbd */,
				C56418D01DE9975B00547074 /* libsqlite3.tbd */,
				C56418BD1DE996F900547074 /* klipzApp */,
				C56418BC1DE996F900547074 /* Products */,
				C56418F51DEADD1000547074 /* frameworks */,
			);
			sourceTree = "<group>";
		};
		C56418BC1DE996F900547074 /* Products */ = {
			isa = PBXGroup;
			children = (
				C56418BB1DE996F900547074 /* klipzApp.app */,
			);
			name = Products;
			sourceTree = "<group>";
		};
		C56418BD1DE996F900547074 /* klipzApp */ = {
			isa = PBXGroup;
			children = (
				C56418F81DEAF99600547074 /* fonts */,
				C56418F21DEA4EF800547074 /* images */,
				C56418EC1DE9AF2B00547074 /* signUpVC.swift */,
				C56419071DEB0AE900547074 /* headerView.swift */,
				C56418EE1DE9AF4400547074 /* signInVC.swift */,
				C56418F01DE9AF7400547074 /* resetPasswordVC.swift */,
				C56418BE1DE996F900547074 /* AppDelegate.swift */,
				C56418C21DE996F900547074 /* Main.storyboard */,
				C58E0E161DFC86C90023A2AB /* guestVC.swift */,
				C55177701DF97EBF000C6CE5 /* followersVC.swift */,
				C55177721DF97EFD000C6CE5 /* followersCell.swift */,
				C56418FF1DEB085A00547074 /* homeVC.swift */,
				C56419091DEB0F4800547074 /* pictureCell.swift */,
				C56418C51DE996F900547074 /* Assets.xcassets */,
				C56418C71DE996F900547074 /* LaunchScreen.storyboard */,
				C56418CA1DE996F900547074 /* Info.plist */,
			);
			path = klipzApp;
			sourceTree = "<group>";
		};
		C56418F21DEA4EF800547074 /* images */ = {
			isa = PBXGroup;
			children = (
				C56418FD1DEAFCFE00547074 /* bg@2x.png */,
				C56418F31DEA4F4200547074 /* default_avatar@2x.png */,
			);
			name = images;
			sourceTree = "<group>";
		};
		C56418F51DEADD1000547074 /* frameworks */ = {
			isa = PBXGroup;
			children = (
				C56418E41DE99E4B00547074 /* Bolts.framework */,
				C56418E51DE99E4B00547074 /* Parse.framework */,
				C56418E21DE99D8D00547074 /* SystemConfiguration.framework */,
				C56418E01DE99D5300547074 /* StoreKit.framework */,
				C56418DE1DE99D2A00547074 /* Security.framework */,
				C56418DC1DE99CF800547074 /* QuartzCore.framework */,
				C56418DA1DE9980700547074 /* CoreLocation.framework */,
				C56418D81DE997D700547074 /* CoreGraphics.framework */,
				C56418D61DE997C400547074 /* CFNetwork.framework */,
				C56418D41DE997A900547074 /* AudioToolbox.framework */,
			);
			name = frameworks;
			sourceTree = "<group>";
		};
		C56418F81DEAF99600547074 /* fonts */ = {
			isa = PBXGroup;
			children = (
				C56418FB1DEAF9CA00547074 /* HVD Fonts - BrandonText-Regular.otf */,
				C56418F91DEAF9A800547074 /* HVD Fonts - BrandonText-Light.otf */,
				C56418F61DEAF98A00547074 /* HVD Fonts - BrandonText-Bold.otf */,
			);
			name = fonts;
			sourceTree = "<group>";
		};
/* End PBXGroup section */

/* Begin PBXNativeTarget section */
		C56418BA1DE996F900547074 /* klipzApp */ = {
			isa = PBXNativeTarget;
			buildConfigurationList = C56418CD1DE996F900547074 /* Build configuration list for PBXNativeTarget "klipzApp" */;
			buildPhases = (
				C56418B71DE996F900547074 /* Sources */,
				C56418B81DE996F900547074 /* Frameworks */,
				C56418B91DE996F900547074 /* Resources */,
			);
			buildRules = (
			);
			dependencies = (
			);
			name = klipzApp;
			productName = klipzApp;
			productReference = C56418BB1DE996F900547074 /* klipzApp.app */;
			productType = "com.apple.product-type.application";
		};
/* End PBXNativeTarget section */

/* Begin PBXProject section */
		C56418B31DE996F900547074 /* Project object */ = {
			isa = PBXProject;
			attributes = {
				LastSwiftUpdateCheck = 0730;
				LastUpgradeCheck = 0810;
				ORGANIZATIONNAME = "Alex Lauderdale";
				TargetAttributes = {
					C56418BA1DE996F900547074 = {
						CreatedOnToolsVersion = 7.3.1;
						DevelopmentTeam = 3ZE7PDF7KM;
						LastSwiftMigration = 0810;
					};
				};
			};
			buildConfigurationList = C56418B61DE996F900547074 /* Build configuration list for PBXProject "klipzApp" */;
			compatibilityVersion = "Xcode 3.2";
			developmentRegion = English;
			hasScannedForEncodings = 0;
			knownRegions = (
				en,
				Base,
			);
			mainGroup = C56418B21DE996F900547074;
			productRefGroup = C56418BC1DE996F900547074 /* Products */;
			projectDirPath = "";
			projectRoot = "";
			targets = (
				C56418BA1DE996F900547074 /* klipzApp */,
			);
		};
/* End PBXProject section */

/* Begin PBXResourcesBuildPhase section */
		C56418B91DE996F900547074 /* Resources */ = {
			isa = PBXResourcesBuildPhase;
			buildActionMask = 2147483647;
			files = (
				C56418C91DE996F900547074 /* LaunchScreen.storyboard in Resources */,
				C56418F71DEAF98A00547074 /* HVD Fonts - BrandonText-Bold.otf in Resources */,
				C56418FC1DEAF9CA00547074 /* HVD Fonts - BrandonText-Regular.otf in Resources */,
				C56418F41DEA4F4200547074 /* default_avatar@2x.png in Resources */,
				C56418C61DE996F900547074 /* Assets.xcassets in Resources */,
				C56418C41DE996F900547074 /* Main.storyboard in Resources */,
				C56418FA1DEAF9A800547074 /* HVD Fonts - BrandonText-Light.otf in Resources */,
				C56418FE1DEAFCFE00547074 /* bg@2x.png in Resources */,
			);
			runOnlyForDeploymentPostprocessing = 0;
		};
/* End PBXResourcesBuildPhase section */

/* Begin PBXSourcesBuildPhase section */
		C56418B71DE996F900547074 /* Sources */ = {
			isa = PBXSourcesBuildPhase;
			buildActionMask = 2147483647;
			files = (
				C564190A1DEB0F4800547074 /* pictureCell.swift in Sources */,
				C58E0E171DFC86C90023A2AB /* guestVC.swift in Sources */,
				C56418ED1DE9AF2B00547074 /* signUpVC.swift in Sources */,
				C55177731DF97EFD000C6CE5 /* followersCell.swift in Sources */,
				C55177711DF97EBF000C6CE5 /* followersVC.swift in Sources */,
				C56418EF1DE9AF4400547074 /* signInVC.swift in Sources */,
				C56419001DEB085A00547074 /* homeVC.swift in Sources */,
				C56418BF1DE996F900547074 /* AppDelegate.swift in Sources */,
				C56418F11DE9AF7400547074 /* resetPasswordVC.swift in Sources */,
				C56419081DEB0AE900547074 /* headerView.swift in Sources */,
			);
			runOnlyForDeploymentPostprocessing = 0;
		};
/* End PBXSourcesBuildPhase section */

/* Begin PBXVariantGroup section */
		C56418C21DE996F900547074 /* Main.storyboard */ = {
			isa = PBXVariantGroup;
			children = (
				C56418C31DE996F900547074 /* Base */,
			);
			name = Main.storyboard;
			sourceTree = "<group>";
		};
		C56418C71DE996F900547074 /* LaunchScreen.storyboard */ = {
			isa = PBXVariantGroup;
			children = (
				C56418C81DE996F900547074 /* Base */,
			);
			name = LaunchScreen.storyboard;
			sourceTree = "<group>";
		};
/* End PBXVariantGroup section */

/* Begin XCBuildConfiguration section */
		C56418CB1DE996F900547074 /* Debug */ = {
			isa = XCBuildConfiguration;
			buildSettings = {
				ALWAYS_SEARCH_USER_PATHS = NO;
				CLANG_ANALYZER_NONNULL = YES;
				CLANG_CXX_LANGUAGE_STANDARD = "gnu++0x";
				CLANG_CXX_LIBRARY = "libc++";
				CLANG_ENABLE_MODULES = YES;
				CLANG_ENABLE_OBJC_ARC = YES;
				CLANG_WARN_BOOL_CONVERSION = YES;
				CLANG_WARN_CONSTANT_CONVERSION = YES;
				CLANG_WARN_DIRECT_OBJC_ISA_USAGE = YES_ERROR;
				CLANG_WARN_EMPTY_BODY = YES;
				CLANG_WARN_ENUM_CONVERSION = YES;
				CLANG_WARN_INFINITE_RECURSION = YES;
				CLANG_WARN_INT_CONVERSION = YES;
				CLANG_WARN_OBJC_ROOT_CLASS = YES_ERROR;
				CLANG_WARN_SUSPICIOUS_MOVE = YES;
				CLANG_WARN_UNREACHABLE_CODE = YES;
				CLANG_WARN__DUPLICATE_METHOD_MATCH = YES;
				"CODE_SIGN_IDENTITY[sdk=iphoneos*]" = "iPhone Developer";
				COPY_PHASE_STRIP = NO;
				DEBUG_INFORMATION_FORMAT = dwarf;
				ENABLE_STRICT_OBJC_MSGSEND = YES;
				ENABLE_TESTABILITY = YES;
				GCC_C_LANGUAGE_STANDARD = gnu99;
				GCC_DYNAMIC_NO_PIC = NO;
				GCC_NO_COMMON_BLOCKS = YES;
				GCC_OPTIMIZATION_LEVEL = 0;
				GCC_PREPROCESSOR_DEFINITIONS = (
					"DEBUG=1",
					"$(inherited)",
				);
				GCC_WARN_64_TO_32_BIT_CONVERSION = YES;
				GCC_WARN_ABOUT_RETURN_TYPE = YES_ERROR;
				GCC_WARN_UNDECLARED_SELECTOR = YES;
				GCC_WARN_UNINITIALIZED_AUTOS = YES_AGGRESSIVE;
				GCC_WARN_UNUSED_FUNCTION = YES;
				GCC_WARN_UNUSED_VARIABLE = YES;
				IPHONEOS_DEPLOYMENT_TARGET = 9.3;
				MTL_ENABLE_DEBUG_INFO = YES;
				ONLY_ACTIVE_ARCH = YES;
				SDKROOT = iphoneos;
				SWIFT_OPTIMIZATION_LEVEL = "-Onone";
			};
			name = Debug;
		};
		C56418CC1DE996F900547074 /* Release */ = {
			isa = XCBuildConfiguration;
			buildSettings = {
				ALWAYS_SEARCH_USER_PATHS = NO;
				CLANG_ANALYZER_NONNULL = YES;
				CLANG_CXX_LANGUAGE_STANDARD = "gnu++0x";
				CLANG_CXX_LIBRARY = "libc++";
				CLANG_ENABLE_MODULES = YES;
				CLANG_ENABLE_OBJC_ARC = YES;
				CLANG_WARN_BOOL_CONVERSION = YES;
				CLANG_WARN_CONSTANT_CONVERSION = YES;
				CLANG_WARN_DIRECT_OBJC_ISA_USAGE = YES_ERROR;
				CLANG_WARN_EMPTY_BODY = YES;
				CLANG_WARN_ENUM_CONVERSION = YES;
				CLANG_WARN_INFINITE_RECURSION = YES;
				CLANG_WARN_INT_CONVERSION = YES;
				CLANG_WARN_OBJC_ROOT_CLASS = YES_ERROR;
				CLANG_WARN_SUSPICIOUS_MOVE = YES;
				CLANG_WARN_UNREACHABLE_CODE = YES;
				CLANG_WARN__DUPLICATE_METHOD_MATCH = YES;
				"CODE_SIGN_IDENTITY[sdk=iphoneos*]" = "iPhone Developer";
				COPY_PHASE_STRIP = NO;
				DEBUG_INFORMATION_FORMAT = "dwarf-with-dsym";
				ENABLE_NS_ASSERTIONS = NO;
				ENABLE_STRICT_OBJC_MSGSEND = YES;
				GCC_C_LANGUAGE_STANDARD = gnu99;
				GCC_NO_COMMON_BLOCKS = YES;
				GCC_WARN_64_TO_32_BIT_CONVERSION = YES;
				GCC_WARN_ABOUT_RETURN_TYPE = YES_ERROR;
				GCC_WARN_UNDECLARED_SELECTOR = YES;
				GCC_WARN_UNINITIALIZED_AUTOS = YES_AGGRESSIVE;
				GCC_WARN_UNUSED_FUNCTION = YES;
				GCC_WARN_UNUSED_VARIABLE = YES;
				IPHONEOS_DEPLOYMENT_TARGET = 9.3;
				MTL_ENABLE_DEBUG_INFO = NO;
				SDKROOT = iphoneos;
				SWIFT_OPTIMIZATION_LEVEL = "-Owholemodule";
				VALIDATE_PRODUCT = YES;
			};
			name = Release;
		};
		C56418CE1DE996F900547074 /* Debug */ = {
			isa = XCBuildConfiguration;
			buildSettings = {
				ASSETCATALOG_COMPILER_APPICON_NAME = AppIcon;
				DEVELOPMENT_TEAM = 3ZE7PDF7KM;
				FRAMEWORK_SEARCH_PATHS = (
					"$(inherited)",
					"$(PROJECT_DIR)",
				);
				INFOPLIST_FILE = klipzApp/Info.plist;
				LD_RUNPATH_SEARCH_PATHS = "$(inherited) @executable_path/Frameworks";
				PRODUCT_BUNDLE_IDENTIFIER = macbookpro.klipzApp;
				PRODUCT_NAME = "$(TARGET_NAME)";
				SWIFT_VERSION = 3.0;
			};
			name = Debug;
		};
		C56418CF1DE996F900547074 /* Release */ = {
			isa = XCBuildConfiguration;
			buildSettings = {
				ASSETCATALOG_COMPILER_APPICON_NAME = AppIcon;
				DEVELOPMENT_TEAM = 3ZE7PDF7KM;
				FRAMEWORK_SEARCH_PATHS = (
					"$(inherited)",
					"$(PROJECT_DIR)",
				);
				INFOPLIST_FILE = klipzApp/Info.plist;
				LD_RUNPATH_SEARCH_PATHS = "$(inherited) @executable_path/Frameworks";
				PRODUCT_BUNDLE_IDENTIFIER = macbookpro.klipzApp;
				PRODUCT_NAME = "$(TARGET_NAME)";
				SWIFT_VERSION = 3.0;
			};
			name = Release;
		};
/* End XCBuildConfiguration section */

/* Begin XCConfigurationList section */
		C56418B61DE996F900547074 /* Build configuration list for PBXProject "klipzApp" */ = {
			isa = XCConfigurationList;
			buildConfigurations = (
				C56418CB1DE996F900547074 /* Debug */,
				C56418CC1DE996F900547074 /* Release */,
			);
			defaultConfigurationIsVisible = 0;
			defaultConfigurationName = Release;
		};
		C56418CD1DE996F900547074 /* Build configuration list for PBXNativeTarget "klipzApp" */ = {
			isa = XCConfigurationList;
			buildConfigurations = (
				C56418CE1DE996F900547074 /* Debug */,
				C56418CF1DE996F900547074 /* Release */,
			);
			defaultConfigurationIsVisible = 0;
			defaultConfigurationName = Release;
		};
/* End XCConfigurationList section */
	};
	rootObject = C56418B31DE996F900547074 /* Project object */;
}
